# This file is automatically @generated by Cargo.
# It is not intended for manual editing.
version = 3

[[package]]
name = "order-application"
version = "0.1.0"
dependencies = [
 "order-domain-service",
]

[[package]]
name = "order-container"
version = "0.1.0"
dependencies = [
 "order-application",
 "order-dataaccess",
 "order-domain-core",
 "order-domain-service",
 "order-messaging",
]

[[package]]
name = "order-dataaccess"
version = "0.1.0"
dependencies = [
 "order-domain-service",
]

[[package]]
name = "order-domain-core"
version = "0.1.0"

[[package]]
name = "order-domain-service"
version = "0.1.0"
dependencies = [
 "order-domain-core",
]

[[package]]
name = "order-messaging"
version = "0.1.0"
dependencies = [
 "order-domain-service",
]
